
Microsoft Visual Studio Solution File, Format Version 12.00
# Visual Studio Version 16
VisualStudioVersion = 16.0.31205.134
MinimumVisualStudioVersion = 10.0.40219.1
Project("{FAE04EC0-301F-11D3-BF4B-00C04F79EFBC}") = "ModernSerialMonitor", "ModernSerialMonitor\ModernSerialMonitor.csproj", "{E849C636-BB81-4C36-BBF7-4B6138023125}"
EndProject
Global
	GlobalSection(SolutionConfigurationPlatforms) = preSolution
		Debug|Any CPU = Debug|Any CPU
		Release|Any CPU = Release|Any CPU
	EndGlobalSection
	GlobalSection(ProjectConfigurationPlatforms) = postSolution
		{E849C636-BB81-4C36-BBF7-4B6138023125}.Debug|Any CPU.ActiveCfg = Debug|Any CPU
		{E849C636-BB81-4C36-BBF7-4B6138023125}.Debug|Any CPU.Build.0 = Debug|Any CPU
		{E849C636-BB81-4C36-BBF7-4B6138023125}.Release|Any CPU.ActiveCfg = Release|Any CPU
		{E849C636-BB81-4C36-BBF7-4B6138023125}.Release|Any CPU.Build.0 = Release|Any CPU
	EndGlobalSection
	GlobalSection(SolutionProperties) = preSolution
		HideSolutionNode = FALSE
	EndGlobalSection
	GlobalSection(ExtensibilityGlobals) = postSolution
		SolutionGuid = {284ACBDB-FF56-4B11-95F3-8F9C237EB02E}
	EndGlobalSection
EndGlobal
